<?xml version="1.0" encoding="utf-8"?>
<Project ToolsVersion="4.0" xmlns="http://schemas.microsoft.com/developer/msbuild/2003">
  <ItemGroup>
    <ClCompile Include="..\src\main.cpp" />
    <ClCompile Include="Common\FileSystem.cpp">
      <Filter>Common</Filter>
    </ClCompile>
    <ClCompile Include="Core\Settings.cpp">
      <Filter>Core</Filter>
    </ClCompile>
    <ClCompile Include="Core\Graphics.cpp">
      <Filter>Core</Filter>
    </ClCompile>
    <ClCompile Include="UI\UI.cpp">
      <Filter>UI</Filter>
    </ClCompile>
    <ClCompile Include="Common\FileUtil.cpp">
      <Filter>Common</Filter>
    </ClCompile>
    <ClCompile Include="Common\Log.cpp">
      <Filter>Common</Filter>
    </ClCompile>
  </ItemGroup>
  <ItemGroup>
    <ClInclude Include="Common\Types.h">
      <Filter>Common</Filter>
    </ClInclude>
    <ClInclude Include="Common\CommonXbox.h">
      <Filter>Common</Filter>
    </ClInclude>
    <ClInclude Include="Common\Debug.h">
      <Filter>Common</Filter>
    </ClInclude>
    <ClInclude Include="Common\FileSystem.hpp">
      <Filter>Common</Filter>
    </ClInclude>
    <ClInclude Include="Common\KernelExtensions.h">
      <Filter>Common</Filter>
    </ClInclude>
    <ClInclude Include="Core\Settings.hpp">
      <Filter>Core</Filter>
    </ClInclude>
    <ClInclude Include="Core\Graphics.hpp">
      <Filter>Core</Filter>
    </ClInclude>
    <ClInclude Include="UI\UI.hpp">
      <Filter>UI</Filter>
    </ClInclude>
    <ClInclude Include="UI\MainScene.hpp">
      <Filter>UI</Filter>
    </ClInclude>
    <ClInclude Include="Common\FileUtil.hpp">
      <Filter>Common</Filter>
    </ClInclude>
    <ClInclude Include="Common\Log.hpp">
      <Filter>Common</Filter>
    </ClInclude>
  </ItemGroup>
  <ItemGroup>
    <Filter Include="Common">
      <UniqueIdentifier>{6bdb0210-a1c8-417a-bc36-4a987bf39fd8}</UniqueIdentifier>
    </Filter>
    <Filter Include="Core">
      <UniqueIdentifier>{ac9b14cb-6a99-4e84-9d4d-c394b16d638c}</UniqueIdentifier>
    </Filter>
    <Filter Include="UI">
      <UniqueIdentifier>{6fac1a55-4954-4466-8b03-9f62d07ea350}</UniqueIdentifier>
    </Filter>
  </ItemGroup>
</Project>